
Microsoft Visual Studio Solution File, Format Version 12.00
# Visual Studio Version 16
VisualStudioVersion = 16.0.31205.134
MinimumVisualStudioVersion = 10.0.40219.1
Project("{9A19103F-16F7-4668-BE54-9A1E7A4F7556}") = "Web", "ShortenUrlService\Web.csproj", "{DE82992C-D8E6-4DB1-9A86-39A19DE234BF}"
EndProject
Project("{9A19103F-16F7-4668-BE54-9A1E7A4F7556}") = "Model", "Model\Model.csproj", "{649FA5EF-C522-4BF6-8477-E3C806CD1E2D}"
EndProject
Project("{9A19103F-16F7-4668-BE54-9A1E7A4F7556}") = "Service", "Service\Service.csproj", "{5B3D2D11-44E4-4835-8CCC-DD780BF41E97}"
EndProject
Project("{9A19103F-16F7-4668-BE54-9A1E7A4F7556}") = "UnitTest", "UnitTest\UnitTest.csproj", "{040231BF-8FBB-4E05-BB18-51EC8B18EA99}"
EndProject
Global
	GlobalSection(SolutionConfigurationPlatforms) = preSolution
		Debug|Any CPU = Debug|Any CPU
		Release|Any CPU = Release|Any CPU
	EndGlobalSection
	GlobalSection(ProjectConfigurationPlatforms) = postSolution
		{DE82992C-D8E6-4DB1-9A86-39A19DE234BF}.Debug|Any CPU.ActiveCfg = Debug|Any CPU
		{DE82992C-D8E6-4DB1-9A86-39A19DE234BF}.Debug|Any CPU.Build.0 = Debug|Any CPU
		{DE82992C-D8E6-4DB1-9A86-39A19DE234BF}.Release|Any CPU.ActiveCfg = Release|Any CPU
		{DE82992C-D8E6-4DB1-9A86-39A19DE234BF}.Release|Any CPU.Build.0 = Release|Any CPU
		{649FA5EF-C522-4BF6-8477-E3C806CD1E2D}.Debug|Any CPU.ActiveCfg = Debug|Any CPU
		{649FA5EF-C522-4BF6-8477-E3C806CD1E2D}.Debug|Any CPU.Build.0 = Debug|Any CPU
		{649FA5EF-C522-4BF6-8477-E3C806CD1E2D}.Release|Any CPU.ActiveCfg = Release|Any CPU
		{649FA5EF-C522-4BF6-8477-E3C806CD1E2D}.Release|Any CPU.Build.0 = Release|Any CPU
		{5B3D2D11-44E4-4835-8CCC-DD780BF41E97}.Debug|Any CPU.ActiveCfg = Debug|Any CPU
		{5B3D2D11-44E4-4835-8CCC-DD780BF41E97}.Debug|Any CPU.Build.0 = Debug|Any CPU
		{5B3D2D11-44E4-4835-8CCC-DD780BF41E97}.Release|Any CPU.ActiveCfg = Release|Any CPU
		{5B3D2D11-44E4-4835-8CCC-DD780BF41E97}.Release|Any CPU.Build.0 = Release|Any CPU
		{040231BF-8FBB-4E05-BB18-51EC8B18EA99}.Debug|Any CPU.ActiveCfg = Debug|Any CPU
		{040231BF-8FBB-4E05-BB18-51EC8B18EA99}.Debug|Any CPU.Build.0 = Debug|Any CPU
		{040231BF-8FBB-4E05-BB18-51EC8B18EA99}.Release|Any CPU.ActiveCfg = Release|Any CPU
		{040231BF-8FBB-4E05-BB18-51EC8B18EA99}.Release|Any CPU.Build.0 = Release|Any CPU
	EndGlobalSection
	GlobalSection(SolutionProperties) = preSolution
		HideSolutionNode = FALSE
	EndGlobalSection
	GlobalSection(ExtensibilityGlobals) = postSolution
		SolutionGuid = {9C43558E-7657-4FDB-865B-BBD89E7D9188}
	EndGlobalSection
EndGlobal
